// !$*UTF8*$!
{
	archiveVersion = 1;
	classes = {
	};
	objectVersion = 56;
	objects = {

/* Begin PBXBuildFile section */
		984A74D92A14A18000C14538 /* AppDelegate.swift in Sources */ = {isa = PBXBuildFile; fileRef = 984A74D82A14A18000C14538 /* AppDelegate.swift */; };
		984A74DB2A14A18000C14538 /* SceneDelegate.swift in Sources */ = {isa = PBXBuildFile; fileRef = 984A74DA2A14A18000C14538 /* SceneDelegate.swift */; };
		984A74DD2A14A18000C14538 /* ViewController.swift in Sources */ = {isa = PBXBuildFile; fileRef = 984A74DC2A14A18000C14538 /* ViewController.swift */; };
		984A74E22A14A18100C14538 /* Assets.xcassets in Resources */ = {isa = PBXBuildFile; fileRef = 984A74E12A14A18100C14538 /* Assets.xcassets */; };
		984A74E52A14A18100C14538 /* LaunchScreen.storyboard in Resources */ = {isa = PBXBuildFile; fileRef = 984A74E32A14A18100C14538 /* LaunchScreen.storyboard */; };
		984A74F02A14A18100C14538 /* AudioListViewControllerTests.swift in Sources */ = {isa = PBXBuildFile; fileRef = 984A74EF2A14A18100C14538 /* AudioListViewControllerTests.swift */; };
		984A75092A14A57A00C14538 /* AudioLoader.swift in Sources */ = {isa = PBXBuildFile; fileRef = 984A75082A14A57A00C14538 /* AudioLoader.swift */; };
		984A750B2A14AB1D00C14538 /* AudioListViewController.swift in Sources */ = {isa = PBXBuildFile; fileRef = 984A750A2A14AB1D00C14538 /* AudioListViewController.swift */; };
/* End PBXBuildFile section */

/* Begin PBXContainerItemProxy section */
		984A74EC2A14A18100C14538 /* PBXContainerItemProxy */ = {
			isa = PBXContainerItemProxy;
			containerPortal = 984A74CD2A14A18000C14538 /* Project object */;
			proxyType = 1;
			remoteGlobalIDString = 984A74D42A14A18000C14538;
			remoteInfo = ETtodayAssignment;
		};
/* End PBXContainerItemProxy section */

/* Begin PBXFileReference section */
		984A74D52A14A18000C14538 /* ETtodayAssignment.app */ = {isa = PBXFileReference; explicitFileType = wrapper.application; includeInIndex = 0; path = ETtodayAssignment.app; sourceTree = BUILT_PRODUCTS_DIR; };
		984A74D82A14A18000C14538 /* AppDelegate.swift */ = {isa = PBXFileReference; lastKnownFileType = sourcecode.swift; path = AppDelegate.swift; sourceTree = "<group>"; };
		984A74DA2A14A18000C14538 /* SceneDelegate.swift */ = {isa = PBXFileReference; lastKnownFileType = sourcecode.swift; path = SceneDelegate.swift; sourceTree = "<group>"; };
		984A74DC2A14A18000C14538 /* ViewController.swift */ = {isa = PBXFileReference; lastKnownFileType = sourcecode.swift; path = ViewController.swift; sourceTree = "<group>"; };
		984A74E12A14A18100C14538 /* Assets.xcassets */ = {isa = PBXFileReference; lastKnownFileType = folder.assetcatalog; path = Assets.xcassets; sourceTree = "<group>"; };
		984A74E42A14A18100C14538 /* Base */ = {isa = PBXFileReference; lastKnownFileType = file.storyboard; name = Base; path = Base.lproj/LaunchScreen.storyboard; sourceTree = "<group>"; };
		984A74E62A14A18100C14538 /* Info.plist */ = {isa = PBXFileReference; lastKnownFileType = text.plist.xml; path = Info.plist; sourceTree = "<group>"; };
		984A74EB2A14A18100C14538 /* ETtodayAssignmentTests.xctest */ = {isa = PBXFileReference; explicitFileType = wrapper.cfbundle; includeInIndex = 0; path = ETtodayAssignmentTests.xctest; sourceTree = BUILT_PRODUCTS_DIR; };
		984A74EF2A14A18100C14538 /* AudioListViewControllerTests.swift */ = {isa = PBXFileReference; lastKnownFileType = sourcecode.swift; path = AudioListViewControllerTests.swift; sourceTree = "<group>"; };
		984A75082A14A57A00C14538 /* AudioLoader.swift */ = {isa = PBXFileReference; lastKnownFileType = sourcecode.swift; path = AudioLoader.swift; sourceTree = "<group>"; };
		984A750A2A14AB1D00C14538 /* AudioListViewController.swift */ = {isa = PBXFileReference; lastKnownFileType = sourcecode.swift; path = AudioListViewController.swift; sourceTree = "<group>"; };
/* End PBXFileReference section */

/* Begin PBXFrameworksBuildPhase section */
		984A74D22A14A18000C14538 /* Frameworks */ = {
			isa = PBXFrameworksBuildPhase;
			buildActionMask = 2147483647;
			files = (
			);
			runOnlyForDeploymentPostprocessing = 0;
		};
		984A74E82A14A18100C14538 /* Frameworks */ = {
			isa = PBXFrameworksBuildPhase;
			buildActionMask = 2147483647;
			files = (
			);
			runOnlyForDeploymentPostprocessing = 0;
		};
/* End PBXFrameworksBuildPhase section */

/* Begin PBXGroup section */
		984A74CC2A14A18000C14538 = {
			isa = PBXGroup;
			children = (
				984A74D72A14A18000C14538 /* ETtodayAssignment */,
				984A74EE2A14A18100C14538 /* ETtodayAssignmentTests */,
				984A74D62A14A18000C14538 /* Products */,
			);
			sourceTree = "<group>";
		};
		984A74D62A14A18000C14538 /* Products */ = {
			isa = PBXGroup;
			children = (
				984A74D52A14A18000C14538 /* ETtodayAssignment.app */,
				984A74EB2A14A18100C14538 /* ETtodayAssignmentTests.xctest */,
			);
			name = Products;
			sourceTree = "<group>";
		};
		984A74D72A14A18000C14538 /* ETtodayAssignment */ = {
			isa = PBXGroup;
			children = (
				984A74D82A14A18000C14538 /* AppDelegate.swift */,
				984A74DA2A14A18000C14538 /* SceneDelegate.swift */,
				984A74DC2A14A18000C14538 /* ViewController.swift */,
				984A75082A14A57A00C14538 /* AudioLoader.swift */,
				984A750A2A14AB1D00C14538 /* AudioListViewController.swift */,
				984A74E12A14A18100C14538 /* Assets.xcassets */,
				984A74E32A14A18100C14538 /* LaunchScreen.storyboard */,
				984A74E62A14A18100C14538 /* Info.plist */,
			);
			path = ETtodayAssignment;
			sourceTree = "<group>";
		};
		984A74EE2A14A18100C14538 /* ETtodayAssignmentTests */ = {
			isa = PBXGroup;
			children = (
				984A74EF2A14A18100C14538 /* AudioListViewControllerTests.swift */,
			);
			path = ETtodayAssignmentTests;
			sourceTree = "<group>";
		};
/* End PBXGroup section */

/* Begin PBXNativeTarget section */
		984A74D42A14A18000C14538 /* ETtodayAssignment */ = {
			isa = PBXNativeTarget;
			buildConfigurationList = 984A74FF2A14A18100C14538 /* Build configuration list for PBXNativeTarget "ETtodayAssignment" */;
			buildPhases = (
				984A74D12A14A18000C14538 /* Sources */,
				984A74D22A14A18000C14538 /* Frameworks */,
				984A74D32A14A18000C14538 /* Resources */,
			);
			buildRules = (
			);
			dependencies = (
			);
			name = ETtodayAssignment;
			productName = ETtodayAssignment;
			productReference = 984A74D52A14A18000C14538 /* ETtodayAssignment.app */;
			productType = "com.apple.product-type.application";
		};
		984A74EA2A14A18100C14538 /* ETtodayAssignmentTests */ = {
			isa = PBXNativeTarget;
			buildConfigurationList = 984A75022A14A18100C14538 /* Build configuration list for PBXNativeTarget "ETtodayAssignmentTests" */;
			buildPhases = (
				984A74E72A14A18100C14538 /* Sources */,
				984A74E82A14A18100C14538 /* Frameworks */,
				984A74E92A14A18100C14538 /* Resources */,
			);
			buildRules = (
			);
			dependencies = (
				984A74ED2A14A18100C14538 /* PBXTargetDependency */,
			);
			name = ETtodayAssignmentTests;
			productName = ETtodayAssignmentTests;
			productReference = 984A74EB2A14A18100C14538 /* ETtodayAssignmentTests.xctest */;
			productType = "com.apple.product-type.bundle.unit-test";
		};
/* End PBXNativeTarget section */

/* Begin PBXProject section */
		984A74CD2A14A18000C14538 /* Project object */ = {
			isa = PBXProject;
			attributes = {
				BuildIndependentTargetsInParallel = 1;
				LastSwiftUpdateCheck = 1420;
				LastUpgradeCheck = 1420;
				TargetAttributes = {
					984A74D42A14A18000C14538 = {
						CreatedOnToolsVersion = 14.2;
					};
					984A74EA2A14A18100C14538 = {
						CreatedOnToolsVersion = 14.2;
						TestTargetID = 984A74D42A14A18000C14538;
					};
				};
			};
			buildConfigurationList = 984A74D02A14A18000C14538 /* Build configuration list for PBXProject "ETtodayAssignment" */;
			compatibilityVersion = "Xcode 14.0";
			developmentRegion = en;
			hasScannedForEncodings = 0;
			knownRegions = (
				en,
				Base,
			);
			mainGroup = 984A74CC2A14A18000C14538;
			productRefGroup = 984A74D62A14A18000C14538 /* Products */;
			projectDirPath = "";
			projectRoot = "";
			targets = (
				984A74D42A14A18000C14538 /* ETtodayAssignment */,
				984A74EA2A14A18100C14538 /* ETtodayAssignmentTests */,
			);
		};
/* End PBXProject section */

/* Begin PBXResourcesBuildPhase section */
		984A74D32A14A18000C14538 /* Resources */ = {
			isa = PBXResourcesBuildPhase;
			buildActionMask = 2147483647;
			files = (
				984A74E52A14A18100C14538 /* LaunchScreen.storyboard in Resources */,
				984A74E22A14A18100C14538 /* Assets.xcassets in Resources */,
			);
			runOnlyForDeploymentPostprocessing = 0;
		};
		984A74E92A14A18100C14538 /* Resources */ = {
			isa = PBXResourcesBuildPhase;
			buildActionMask = 2147483647;
			files = (
			);
			runOnlyForDeploymentPostprocessing = 0;
		};
/* End PBXResourcesBuildPhase section */

/* Begin PBXSourcesBuildPhase section */
		984A74D12A14A18000C14538 /* Sources */ = {
			isa = PBXSourcesBuildPhase;
			buildActionMask = 2147483647;
			files = (
				984A74DD2A14A18000C14538 /* ViewController.swift in Sources */,
				984A75092A14A57A00C14538 /* AudioLoader.swift in Sources */,
				984A74D92A14A18000C14538 /* AppDelegate.swift in Sources */,
				984A74DB2A14A18000C14538 /* SceneDelegate.swift in Sources */,
				984A750B2A14AB1D00C14538 /* AudioListViewController.swift in Sources */,
			);
			runOnlyForDeploymentPostprocessing = 0;
		};
		984A74E72A14A18100C14538 /* Sources */ = {
			isa = PBXSourcesBuildPhase;
			buildActionMask = 2147483647;
			files = (
				984A74F02A14A18100C14538 /* AudioListViewControllerTests.swift in Sources */,
			);
			runOnlyForDeploymentPostprocessing = 0;
		};
/* End PBXSourcesBuildPhase section */

/* Begin PBXTargetDependency section */
		984A74ED2A14A18100C14538 /* PBXTargetDependency */ = {
			isa = PBXTargetDependency;
			target = 984A74D42A14A18000C14538 /* ETtodayAssignment */;
			targetProxy = 984A74EC2A14A18100C14538 /* PBXContainerItemProxy */;
		};
/* End PBXTargetDependency section */

/* Begin PBXVariantGroup section */
		984A74E32A14A18100C14538 /* LaunchScreen.storyboard */ = {
			isa = PBXVariantGroup;
			children = (
				984A74E42A14A18100C14538 /* Base */,
			);
			name = LaunchScreen.storyboard;
			sourceTree = "<group>";
		};
/* End PBXVariantGroup section */

/* Begin XCBuildConfiguration section */
		984A74FD2A14A18100C14538 /* Debug */ = {
			isa = XCBuildConfiguration;
			buildSettings = {
				ALWAYS_SEARCH_USER_PATHS = NO;
				CLANG_ANALYZER_NONNULL = YES;
				CLANG_ANALYZER_NUMBER_OBJECT_CONVERSION = YES_AGGRESSIVE;
				CLANG_CXX_LANGUAGE_STANDARD = "gnu++20";
				CLANG_ENABLE_MODULES = YES;
				CLANG_ENABLE_OBJC_ARC = YES;
				CLANG_ENABLE_OBJC_WEAK = YES;
				CLANG_WARN_BLOCK_CAPTURE_AUTORELEASING = YES;
				CLANG_WARN_BOOL_CONVERSION = YES;
				CLANG_WARN_COMMA = YES;
				CLANG_WARN_CONSTANT_CONVERSION = YES;
				CLANG_WARN_DEPRECATED_OBJC_IMPLEMENTATIONS = YES;
				CLANG_WARN_DIRECT_OBJC_ISA_USAGE = YES_ERROR;
				CLANG_WARN_DOCUMENTATION_COMMENTS = YES;
				CLANG_WARN_EMPTY_BODY = YES;
				CLANG_WARN_ENUM_CONVERSION = YES;
				CLANG_WARN_INFINITE_RECURSION = YES;
				CLANG_WARN_INT_CONVERSION = YES;
				CLANG_WARN_NON_LITERAL_NULL_CONVERSION = YES;
				CLANG_WARN_OBJC_IMPLICIT_RETAIN_SELF = YES;
				CLANG_WARN_OBJC_LITERAL_CONVERSION = YES;
				CLANG_WARN_OBJC_ROOT_CLASS = YES_ERROR;
				CLANG_WARN_QUOTED_INCLUDE_IN_FRAMEWORK_HEADER = YES;
				CLANG_WARN_RANGE_LOOP_ANALYSIS = YES;
				CLANG_WARN_STRICT_PROTOTYPES = YES;
				CLANG_WARN_SUSPICIOUS_MOVE = YES;
				CLANG_WARN_UNGUARDED_AVAILABILITY = YES_AGGRESSIVE;
				CLANG_WARN_UNREACHABLE_CODE = YES;
				CLANG_WARN__DUPLICATE_METHOD_MATCH = YES;
				COPY_PHASE_STRIP = NO;
				DEBUG_INFORMATION_FORMAT = dwarf;
				ENABLE_STRICT_OBJC_MSGSEND = YES;
				ENABLE_TESTABILITY = YES;
				GCC_C_LANGUAGE_STANDARD = gnu11;
				GCC_DYNAMIC_NO_PIC = NO;
				GCC_NO_COMMON_BLOCKS = YES;
				GCC_OPTIMIZATION_LEVEL = 0;
				GCC_PREPROCESSOR_DEFINITIONS = (
					"DEBUG=1",
					"$(inherited)",
				);
				GCC_WARN_64_TO_32_BIT_CONVERSION = YES;
				GCC_WARN_ABOUT_RETURN_TYPE = YES_ERROR;
				GCC_WARN_UNDECLARED_SELECTOR = YES;
				GCC_WARN_UNINITIALIZED_AUTOS = YES_AGGRESSIVE;
				GCC_WARN_UNUSED_FUNCTION = YES;
				GCC_WARN_UNUSED_VARIABLE = YES;
				IPHONEOS_DEPLOYMENT_TARGET = 16.2;
				MTL_ENABLE_DEBUG_INFO = INCLUDE_SOURCE;
				MTL_FAST_MATH = YES;
				ONLY_ACTIVE_ARCH = YES;
				SDKROOT = iphoneos;
				SWIFT_ACTIVE_COMPILATION_CONDITIONS = DEBUG;
				SWIFT_OPTIMIZATION_LEVEL = "-Onone";
			};
			name = Debug;
		};
		984A74FE2A14A18100C14538 /* Release */ = {
			isa = XCBuildConfiguration;
			buildSettings = {
				ALWAYS_SEARCH_USER_PATHS = NO;
				CLANG_ANALYZER_NONNULL = YES;
				CLANG_ANALYZER_NUMBER_OBJECT_CONVERSION = YES_AGGRESSIVE;
				CLANG_CXX_LANGUAGE_STANDARD = "gnu++20";
				CLANG_ENABLE_MODULES = YES;
				CLANG_ENABLE_OBJC_ARC = YES;
				CLANG_ENABLE_OBJC_WEAK = YES;
				CLANG_WARN_BLOCK_CAPTURE_AUTORELEASING = YES;
				CLANG_WARN_BOOL_CONVERSION = YES;
				CLANG_WARN_COMMA = YES;
				CLANG_WARN_CONSTANT_CONVERSION = YES;
				CLANG_WARN_DEPRECATED_OBJC_IMPLEMENTATIONS = YES;
				CLANG_WARN_DIRECT_OBJC_ISA_USAGE = YES_ERROR;
				CLANG_WARN_DOCUMENTATION_COMMENTS = YES;
				CLANG_WARN_EMPTY_BODY = YES;
				CLANG_WARN_ENUM_CONVERSION = YES;
				CLANG_WARN_INFINITE_RECURSION = YES;
				CLANG_WARN_INT_CONVERSION = YES;
				CLANG_WARN_NON_LITERAL_NULL_CONVERSION = YES;
				CLANG_WARN_OBJC_IMPLICIT_RETAIN_SELF = YES;
				CLANG_WARN_OBJC_LITERAL_CONVERSION = YES;
				CLANG_WARN_OBJC_ROOT_CLASS = YES_ERROR;
				CLANG_WARN_QUOTED_INCLUDE_IN_FRAMEWORK_HEADER = YES;
				CLANG_WARN_RANGE_LOOP_ANALYSIS = YES;
				CLANG_WARN_STRICT_PROTOTYPES = YES;
				CLANG_WARN_SUSPICIOUS_MOVE = YES;
				CLANG_WARN_UNGUARDED_AVAILABILITY = YES_AGGRESSIVE;
				CLANG_WARN_UNREACHABLE_CODE = YES;
				CLANG_WARN__DUPLICATE_METHOD_MATCH = YES;
				COPY_PHASE_STRIP = NO;
				DEBUG_INFORMATION_FORMAT = "dwarf-with-dsym";
				ENABLE_NS_ASSERTIONS = NO;
				ENABLE_STRICT_OBJC_MSGSEND = YES;
				GCC_C_LANGUAGE_STANDARD = gnu11;
				GCC_NO_COMMON_BLOCKS = YES;
				GCC_WARN_64_TO_32_BIT_CONVERSION = YES;
				GCC_WARN_ABOUT_RETURN_TYPE = YES_ERROR;
				GCC_WARN_UNDECLARED_SELECTOR = YES;
				GCC_WARN_UNINITIALIZED_AUTOS = YES_AGGRESSIVE;
				GCC_WARN_UNUSED_FUNCTION = YES;
				GCC_WARN_UNUSED_VARIABLE = YES;
				IPHONEOS_DEPLOYMENT_TARGET = 16.2;
				MTL_ENABLE_DEBUG_INFO = NO;
				MTL_FAST_MATH = YES;
				SDKROOT = iphoneos;
				SWIFT_COMPILATION_MODE = wholemodule;
				SWIFT_OPTIMIZATION_LEVEL = "-O";
				VALIDATE_PRODUCT = YES;
			};
			name = Release;
		};
		984A75002A14A18100C14538 /* Debug */ = {
			isa = XCBuildConfiguration;
			buildSettings = {
				ASSETCATALOG_COMPILER_APPICON_NAME = AppIcon;
				ASSETCATALOG_COMPILER_GLOBAL_ACCENT_COLOR_NAME = AccentColor;
				CODE_SIGN_STYLE = Automatic;
				CURRENT_PROJECT_VERSION = 1;
				DEVELOPMENT_TEAM = 6D8CRTN6K7;
				GENERATE_INFOPLIST_FILE = YES;
				INFOPLIST_FILE = ETtodayAssignment/Info.plist;
				INFOPLIST_KEY_UIApplicationSupportsIndirectInputEvents = YES;
				INFOPLIST_KEY_UILaunchStoryboardName = LaunchScreen;
				INFOPLIST_KEY_UISupportedInterfaceOrientations_iPad = "UIInterfaceOrientationPortrait UIInterfaceOrientationPortraitUpsideDown UIInterfaceOrientationLandscapeLeft UIInterfaceOrientationLandscapeRight";
				INFOPLIST_KEY_UISupportedInterfaceOrientations_iPhone = "UIInterfaceOrientationPortrait UIInterfaceOrientationLandscapeLeft UIInterfaceOrientationLandscapeRight";
				LD_RUNPATH_SEARCH_PATHS = (
					"$(inherited)",
					"@executable_path/Frameworks",
				);
				MARKETING_VERSION = 1.0;
				PRODUCT_BUNDLE_IDENTIFIER = com.waynecheng.ETtodayAssignment;
				PRODUCT_NAME = "$(TARGET_NAME)";
				SWIFT_EMIT_LOC_STRINGS = YES;
				SWIFT_VERSION = 5.0;
				TARGETED_DEVICE_FAMILY = "1,2";
			};
			name = Debug;
		};
		984A75012A14A18100C14538 /* Release */ = {
			isa = XCBuildConfiguration;
			buildSettings = {
				ASSETCATALOG_COMPILER_APPICON_NAME = AppIcon;
				ASSETCATALOG_COMPILER_GLOBAL_ACCENT_COLOR_NAME = AccentColor;
				CODE_SIGN_STYLE = Automatic;
				CURRENT_PROJECT_VERSION = 1;
				DEVELOPMENT_TEAM = 6D8CRTN6K7;
				GENERATE_INFOPLIST_FILE = YES;
				INFOPLIST_FILE = ETtodayAssignment/Info.plist;
				INFOPLIST_KEY_UIApplicationSupportsIndirectInputEvents = YES;
				INFOPLIST_KEY_UILaunchStoryboardName = LaunchScreen;
				INFOPLIST_KEY_UISupportedInterfaceOrientations_iPad = "UIInterfaceOrientationPortrait UIInterfaceOrientationPortraitUpsideDown UIInterfaceOrientationLandscapeLeft UIInterfaceOrientationLandscapeRight";
				INFOPLIST_KEY_UISupportedInterfaceOrientations_iPhone = "UIInterfaceOrientationPortrait UIInterfaceOrientationLandscapeLeft UIInterfaceOrientationLandscapeRight";
				LD_RUNPATH_SEARCH_PATHS = (
					"$(inherited)",
					"@executable_path/Frameworks",
				);
				MARKETING_VERSION = 1.0;
				PRODUCT_BUNDLE_IDENTIFIER = com.waynecheng.ETtodayAssignment;
				PRODUCT_NAME = "$(TARGET_NAME)";
				SWIFT_EMIT_LOC_STRINGS = YES;
				SWIFT_VERSION = 5.0;
				TARGETED_DEVICE_FAMILY = "1,2";
			};
			name = Release;
		};
		984A75032A14A18100C14538 /* Debug */ = {
			isa = XCBuildConfiguration;
			buildSettings = {
				ALWAYS_EMBED_SWIFT_STANDARD_LIBRARIES = YES;
				BUNDLE_LOADER = "$(TEST_HOST)";
				CODE_SIGN_STYLE = Automatic;
				CURRENT_PROJECT_VERSION = 1;
				DEVELOPMENT_TEAM = 6D8CRTN6K7;
				GENERATE_INFOPLIST_FILE = YES;
				IPHONEOS_DEPLOYMENT_TARGET = 16.2;
				MARKETING_VERSION = 1.0;
				PRODUCT_BUNDLE_IDENTIFIER = com.waynecheng.ETtodayAssignmentTests;
				PRODUCT_NAME = "$(TARGET_NAME)";
				SWIFT_EMIT_LOC_STRINGS = NO;
				SWIFT_VERSION = 5.0;
				TARGETED_DEVICE_FAMILY = "1,2";
				TEST_HOST = "$(BUILT_PRODUCTS_DIR)/ETtodayAssignment.app/$(BUNDLE_EXECUTABLE_FOLDER_PATH)/ETtodayAssignment";
			};
			name = Debug;
		};
		984A75042A14A18100C14538 /* Release */ = {
			isa = XCBuildConfiguration;
			buildSettings = {
				ALWAYS_EMBED_SWIFT_STANDARD_LIBRARIES = YES;
				BUNDLE_LOADER = "$(TEST_HOST)";
				CODE_SIGN_STYLE = Automatic;
				CURRENT_PROJECT_VERSION = 1;
				DEVELOPMENT_TEAM = 6D8CRTN6K7;
				GENERATE_INFOPLIST_FILE = YES;
				IPHONEOS_DEPLOYMENT_TARGET = 16.2;
				MARKETING_VERSION = 1.0;
				PRODUCT_BUNDLE_IDENTIFIER = com.waynecheng.ETtodayAssignmentTests;
				PRODUCT_NAME = "$(TARGET_NAME)";
				SWIFT_EMIT_LOC_STRINGS = NO;
				SWIFT_VERSION = 5.0;
				TARGETED_DEVICE_FAMILY = "1,2";
				TEST_HOST = "$(BUILT_PRODUCTS_DIR)/ETtodayAssignment.app/$(BUNDLE_EXECUTABLE_FOLDER_PATH)/ETtodayAssignment";
			};
			name = Release;
		};
/* End XCBuildConfiguration section */

/* Begin XCConfigurationList section */
		984A74D02A14A18000C14538 /* Build configuration list for PBXProject "ETtodayAssignment" */ = {
			isa = XCConfigurationList;
			buildConfigurations = (
				984A74FD2A14A18100C14538 /* Debug */,
				984A74FE2A14A18100C14538 /* Release */,
			);
			defaultConfigurationIsVisible = 0;
			defaultConfigurationName = Release;
		};
		984A74FF2A14A18100C14538 /* Build configuration list for PBXNativeTarget "ETtodayAssignment" */ = {
			isa = XCConfigurationList;
			buildConfigurations = (
				984A75002A14A18100C14538 /* Debug */,
				984A75012A14A18100C14538 /* Release */,
			);
			defaultConfigurationIsVisible = 0;
			defaultConfigurationName = Release;
		};
		984A75022A14A18100C14538 /* Build configuration list for PBXNativeTarget "ETtodayAssignmentTests" */ = {
			isa = XCConfigurationList;
			buildConfigurations = (
				984A75032A14A18100C14538 /* Debug */,
				984A75042A14A18100C14538 /* Release */,
			);
			defaultConfigurationIsVisible = 0;
			defaultConfigurationName = Release;
		};
/* End XCConfigurationList section */
	};
	rootObject = 984A74CD2A14A18000C14538 /* Project object */;
}
